
Microsoft Visual Studio Solution File, Format Version 12.00
# Visual Studio Version 16
VisualStudioVersion = 16.0.30204.135
MinimumVisualStudioVersion = 10.0.40219.1
Project("{FAE04EC0-301F-11D3-BF4B-00C04F79EFBC}") = "CorporateArenasBackend", "CorporateArenasBackend\CorporateArenasBackend.csproj", "{1BBC373A-E805-41C5-9E65-5F65A215F0B9}"
EndProject
Global
	GlobalSection(SolutionConfigurationPlatforms) = preSolution
		Debug|Any CPU = Debug|Any CPU
		Release|Any CPU = Release|Any CPU
	EndGlobalSection
	GlobalSection(ProjectConfigurationPlatforms) = postSolution
		{1BBC373A-E805-41C5-9E65-5F65A215F0B9}.Debug|Any CPU.ActiveCfg = Debug|Any CPU
		{1BBC373A-E805-41C5-9E65-5F65A215F0B9}.Debug|Any CPU.Build.0 = Debug|Any CPU
		{1BBC373A-E805-41C5-9E65-5F65A215F0B9}.Release|Any CPU.ActiveCfg = Release|Any CPU
		{1BBC373A-E805-41C5-9E65-5F65A215F0B9}.Release|Any CPU.Build.0 = Release|Any CPU
	EndGlobalSection
	GlobalSection(SolutionProperties) = preSolution
		HideSolutionNode = FALSE
	EndGlobalSection
	GlobalSection(ExtensibilityGlobals) = postSolution
		SolutionGuid = {ECD6C4AA-CE6E-46DF-9DAA-2DD4E78D67A6}
	EndGlobalSection
EndGlobal
